// !$*UTF8*$!
{
	archiveVersion = 1;
	classes = {
	};
	objectVersion = 56;
	objects = {

/* Begin PBXBuildFile section */
		640DBD1B2975A817008AEABC /* HeadlineTableViewCell.swift in Sources */ = {isa = PBXBuildFile; fileRef = 640DBD1A2975A817008AEABC /* HeadlineTableViewCell.swift */; };
		641D950B2975898400516A7F /* AppDelegate.swift in Sources */ = {isa = PBXBuildFile; fileRef = 641D950A2975898400516A7F /* AppDelegate.swift */; };
		641D95142975898500516A7F /* Assets.xcassets in Resources */ = {isa = PBXBuildFile; fileRef = 641D95132975898500516A7F /* Assets.xcassets */; };
		641D95172975898500516A7F /* LaunchScreen.storyboard in Resources */ = {isa = PBXBuildFile; fileRef = 641D95152975898500516A7F /* LaunchScreen.storyboard */; };
		641D95222975898500516A7F /* GetNewsTests.swift in Sources */ = {isa = PBXBuildFile; fileRef = 641D95212975898500516A7F /* GetNewsTests.swift */; };
		641D952C2975898500516A7F /* GetNewsUITests.swift in Sources */ = {isa = PBXBuildFile; fileRef = 641D952B2975898500516A7F /* GetNewsUITests.swift */; };
		641D952E2975898500516A7F /* GetNewsUITestsLaunchTests.swift in Sources */ = {isa = PBXBuildFile; fileRef = 641D952D2975898500516A7F /* GetNewsUITestsLaunchTests.swift */; };
		641D953F2975934800516A7F /* HeadlinesViewController.swift in Sources */ = {isa = PBXBuildFile; fileRef = 641D953E2975934800516A7F /* HeadlinesViewController.swift */; };
		641D95462975945D00516A7F /* UIView+Extension.swift in Sources */ = {isa = PBXBuildFile; fileRef = 641D95452975945D00516A7F /* UIView+Extension.swift */; };
		6480BAC72975E80200932A19 /* NewsResponse.swift in Sources */ = {isa = PBXBuildFile; fileRef = 6480BAC62975E80200932A19 /* NewsResponse.swift */; };
		6496CEAA2975B84100F10051 /* HeadlinesView.swift in Sources */ = {isa = PBXBuildFile; fileRef = 6496CEA92975B84100F10051 /* HeadlinesView.swift */; };
		64DDD0592976A9CB0093DB37 /* DataRequest.swift in Sources */ = {isa = PBXBuildFile; fileRef = 64DDD0582976A9CB0093DB37 /* DataRequest.swift */; };
		64DDD05B2976ABEA0093DB37 /* NetworkService.swift in Sources */ = {isa = PBXBuildFile; fileRef = 64DDD05A2976ABEA0093DB37 /* NetworkService.swift */; };
		64DDD05D2976AE9E0093DB37 /* ErrorResponse.swift in Sources */ = {isa = PBXBuildFile; fileRef = 64DDD05C2976AE9E0093DB37 /* ErrorResponse.swift */; };
		64DDD05F2976AF0D0093DB37 /* TopHeadlinesRequest.swift in Sources */ = {isa = PBXBuildFile; fileRef = 64DDD05E2976AF0D0093DB37 /* TopHeadlinesRequest.swift */; };
		64DDD0612976B14A0093DB37 /* TopHeadlinesViewModel.swift in Sources */ = {isa = PBXBuildFile; fileRef = 64DDD0602976B14A0093DB37 /* TopHeadlinesViewModel.swift */; };
/* End PBXBuildFile section */

/* Begin PBXContainerItemProxy section */
		641D951E2975898500516A7F /* PBXContainerItemProxy */ = {
			isa = PBXContainerItemProxy;
			containerPortal = 641D94FF2975898400516A7F /* Project object */;
			proxyType = 1;
			remoteGlobalIDString = 641D95062975898400516A7F;
			remoteInfo = GetNews;
		};
		641D95282975898500516A7F /* PBXContainerItemProxy */ = {
			isa = PBXContainerItemProxy;
			containerPortal = 641D94FF2975898400516A7F /* Project object */;
			proxyType = 1;
			remoteGlobalIDString = 641D95062975898400516A7F;
			remoteInfo = GetNews;
		};
/* End PBXContainerItemProxy section */

/* Begin PBXFileReference section */
		640DBD1A2975A817008AEABC /* HeadlineTableViewCell.swift */ = {isa = PBXFileReference; lastKnownFileType = sourcecode.swift; path = HeadlineTableViewCell.swift; sourceTree = "<group>"; };
		641D95072975898400516A7F /* GetNews.app */ = {isa = PBXFileReference; explicitFileType = wrapper.application; includeInIndex = 0; path = GetNews.app; sourceTree = BUILT_PRODUCTS_DIR; };
		641D950A2975898400516A7F /* AppDelegate.swift */ = {isa = PBXFileReference; lastKnownFileType = sourcecode.swift; path = AppDelegate.swift; sourceTree = "<group>"; };
		641D95132975898500516A7F /* Assets.xcassets */ = {isa = PBXFileReference; lastKnownFileType = folder.assetcatalog; path = Assets.xcassets; sourceTree = "<group>"; };
		641D95162975898500516A7F /* Base */ = {isa = PBXFileReference; lastKnownFileType = file.storyboard; name = Base; path = Base.lproj/LaunchScreen.storyboard; sourceTree = "<group>"; };
		641D95182975898500516A7F /* Info.plist */ = {isa = PBXFileReference; lastKnownFileType = text.plist.xml; path = Info.plist; sourceTree = "<group>"; };
		641D951D2975898500516A7F /* GetNewsTests.xctest */ = {isa = PBXFileReference; explicitFileType = wrapper.cfbundle; includeInIndex = 0; path = GetNewsTests.xctest; sourceTree = BUILT_PRODUCTS_DIR; };
		641D95212975898500516A7F /* GetNewsTests.swift */ = {isa = PBXFileReference; lastKnownFileType = sourcecode.swift; path = GetNewsTests.swift; sourceTree = "<group>"; };
		641D95272975898500516A7F /* GetNewsUITests.xctest */ = {isa = PBXFileReference; explicitFileType = wrapper.cfbundle; includeInIndex = 0; path = GetNewsUITests.xctest; sourceTree = BUILT_PRODUCTS_DIR; };
		641D952B2975898500516A7F /* GetNewsUITests.swift */ = {isa = PBXFileReference; lastKnownFileType = sourcecode.swift; path = GetNewsUITests.swift; sourceTree = "<group>"; };
		641D952D2975898500516A7F /* GetNewsUITestsLaunchTests.swift */ = {isa = PBXFileReference; lastKnownFileType = sourcecode.swift; path = GetNewsUITestsLaunchTests.swift; sourceTree = "<group>"; };
		641D953E2975934800516A7F /* HeadlinesViewController.swift */ = {isa = PBXFileReference; lastKnownFileType = sourcecode.swift; path = HeadlinesViewController.swift; sourceTree = "<group>"; };
		641D95452975945D00516A7F /* UIView+Extension.swift */ = {isa = PBXFileReference; lastKnownFileType = sourcecode.swift; path = "UIView+Extension.swift"; sourceTree = "<group>"; };
		6480BAC62975E80200932A19 /* NewsResponse.swift */ = {isa = PBXFileReference; lastKnownFileType = sourcecode.swift; path = NewsResponse.swift; sourceTree = "<group>"; };
		6496CEA92975B84100F10051 /* HeadlinesView.swift */ = {isa = PBXFileReference; lastKnownFileType = sourcecode.swift; path = HeadlinesView.swift; sourceTree = "<group>"; };
		64DDD0582976A9CB0093DB37 /* DataRequest.swift */ = {isa = PBXFileReference; lastKnownFileType = sourcecode.swift; path = DataRequest.swift; sourceTree = "<group>"; };
		64DDD05A2976ABEA0093DB37 /* NetworkService.swift */ = {isa = PBXFileReference; lastKnownFileType = sourcecode.swift; path = NetworkService.swift; sourceTree = "<group>"; };
		64DDD05C2976AE9E0093DB37 /* ErrorResponse.swift */ = {isa = PBXFileReference; lastKnownFileType = sourcecode.swift; path = ErrorResponse.swift; sourceTree = "<group>"; };
		64DDD05E2976AF0D0093DB37 /* TopHeadlinesRequest.swift */ = {isa = PBXFileReference; lastKnownFileType = sourcecode.swift; path = TopHeadlinesRequest.swift; sourceTree = "<group>"; };
		64DDD0602976B14A0093DB37 /* TopHeadlinesViewModel.swift */ = {isa = PBXFileReference; lastKnownFileType = sourcecode.swift; path = TopHeadlinesViewModel.swift; sourceTree = "<group>"; };
/* End PBXFileReference section */

/* Begin PBXFrameworksBuildPhase section */
		641D95042975898400516A7F /* Frameworks */ = {
			isa = PBXFrameworksBuildPhase;
			buildActionMask = 2147483647;
			files = (
			);
			runOnlyForDeploymentPostprocessing = 0;
		};
		641D951A2975898500516A7F /* Frameworks */ = {
			isa = PBXFrameworksBuildPhase;
			buildActionMask = 2147483647;
			files = (
			);
			runOnlyForDeploymentPostprocessing = 0;
		};
		641D95242975898500516A7F /* Frameworks */ = {
			isa = PBXFrameworksBuildPhase;
			buildActionMask = 2147483647;
			files = (
			);
			runOnlyForDeploymentPostprocessing = 0;
		};
/* End PBXFrameworksBuildPhase section */

/* Begin PBXGroup section */
		641D94FE2975898400516A7F = {
			isa = PBXGroup;
			children = (
				641D95092975898400516A7F /* GetNews */,
				641D95202975898500516A7F /* GetNewsTests */,
				641D952A2975898500516A7F /* GetNewsUITests */,
				641D95082975898400516A7F /* Products */,
			);
			sourceTree = "<group>";
		};
		641D95082975898400516A7F /* Products */ = {
			isa = PBXGroup;
			children = (
				641D95072975898400516A7F /* GetNews.app */,
				641D951D2975898500516A7F /* GetNewsTests.xctest */,
				641D95272975898500516A7F /* GetNewsUITests.xctest */,
			);
			name = Products;
			sourceTree = "<group>";
		};
		641D95092975898400516A7F /* GetNews */ = {
			isa = PBXGroup;
			children = (
				64DDD0542976A85D0093DB37 /* Service */,
				641D9549297595D700516A7F /* Model */,
				641D954A297595DB00516A7F /* View */,
				648EC26329773B34000B1A0C /* ViewModel */,
				641D95472975956A00516A7F /* ViewController */,
				648EC26429773B5D000B1A0C /* Application */,
				641D95442975944C00516A7F /* Helper */,
				641D953B29758A8300516A7F /* Files */,
			);
			path = GetNews;
			sourceTree = "<group>";
		};
		641D95202975898500516A7F /* GetNewsTests */ = {
			isa = PBXGroup;
			children = (
				641D95212975898500516A7F /* GetNewsTests.swift */,
			);
			path = GetNewsTests;
			sourceTree = "<group>";
		};
		641D952A2975898500516A7F /* GetNewsUITests */ = {
			isa = PBXGroup;
			children = (
				641D952B2975898500516A7F /* GetNewsUITests.swift */,
				641D952D2975898500516A7F /* GetNewsUITestsLaunchTests.swift */,
			);
			path = GetNewsUITests;
			sourceTree = "<group>";
		};
		641D953B29758A8300516A7F /* Files */ = {
			isa = PBXGroup;
			children = (
				641D95182975898500516A7F /* Info.plist */,
				641D95152975898500516A7F /* LaunchScreen.storyboard */,
				641D95132975898500516A7F /* Assets.xcassets */,
			);
			name = Files;
			sourceTree = "<group>";
		};
		641D95442975944C00516A7F /* Helper */ = {
			isa = PBXGroup;
			children = (
				641D95452975945D00516A7F /* UIView+Extension.swift */,
			);
			path = Helper;
			sourceTree = "<group>";
		};
		641D95472975956A00516A7F /* ViewController */ = {
			isa = PBXGroup;
			children = (
				641D953E2975934800516A7F /* HeadlinesViewController.swift */,
			);
			path = ViewController;
			sourceTree = "<group>";
		};
		641D9549297595D700516A7F /* Model */ = {
			isa = PBXGroup;
			children = (
				6480BAC62975E80200932A19 /* NewsResponse.swift */,
			);
			path = Model;
			sourceTree = "<group>";
		};
		641D954A297595DB00516A7F /* View */ = {
			isa = PBXGroup;
			children = (
				640DBD1A2975A817008AEABC /* HeadlineTableViewCell.swift */,
				6496CEA92975B84100F10051 /* HeadlinesView.swift */,
			);
			path = View;
			sourceTree = "<group>";
		};
		648EC26329773B34000B1A0C /* ViewModel */ = {
			isa = PBXGroup;
			children = (
				64DDD0602976B14A0093DB37 /* TopHeadlinesViewModel.swift */,
			);
			path = ViewModel;
			sourceTree = "<group>";
		};
		648EC26429773B5D000B1A0C /* Application */ = {
			isa = PBXGroup;
			children = (
				641D950A2975898400516A7F /* AppDelegate.swift */,
			);
			path = Application;
			sourceTree = "<group>";
		};
		64DDD0542976A85D0093DB37 /* Service */ = {
			isa = PBXGroup;
			children = (
				64DDD0552976A8650093DB37 /* Request */,
				64DDD05A2976ABEA0093DB37 /* NetworkService.swift */,
				64DDD0582976A9CB0093DB37 /* DataRequest.swift */,
				64DDD05C2976AE9E0093DB37 /* ErrorResponse.swift */,
			);
			path = Service;
			sourceTree = "<group>";
		};
		64DDD0552976A8650093DB37 /* Request */ = {
			isa = PBXGroup;
			children = (
				64DDD05E2976AF0D0093DB37 /* TopHeadlinesRequest.swift */,
			);
			path = Request;
			sourceTree = "<group>";
		};
/* End PBXGroup section */

/* Begin PBXNativeTarget section */
		641D95062975898400516A7F /* GetNews */ = {
			isa = PBXNativeTarget;
			buildConfigurationList = 641D95312975898500516A7F /* Build configuration list for PBXNativeTarget "GetNews" */;
			buildPhases = (
				641D95032975898400516A7F /* Sources */,
				641D95042975898400516A7F /* Frameworks */,
				641D95052975898400516A7F /* Resources */,
			);
			buildRules = (
			);
			dependencies = (
			);
			name = GetNews;
			productName = GetNews;
			productReference = 641D95072975898400516A7F /* GetNews.app */;
			productType = "com.apple.product-type.application";
		};
		641D951C2975898500516A7F /* GetNewsTests */ = {
			isa = PBXNativeTarget;
			buildConfigurationList = 641D95342975898500516A7F /* Build configuration list for PBXNativeTarget "GetNewsTests" */;
			buildPhases = (
				641D95192975898500516A7F /* Sources */,
				641D951A2975898500516A7F /* Frameworks */,
				641D951B2975898500516A7F /* Resources */,
			);
			buildRules = (
			);
			dependencies = (
				641D951F2975898500516A7F /* PBXTargetDependency */,
			);
			name = GetNewsTests;
			productName = GetNewsTests;
			productReference = 641D951D2975898500516A7F /* GetNewsTests.xctest */;
			productType = "com.apple.product-type.bundle.unit-test";
		};
		641D95262975898500516A7F /* GetNewsUITests */ = {
			isa = PBXNativeTarget;
			buildConfigurationList = 641D95372975898500516A7F /* Build configuration list for PBXNativeTarget "GetNewsUITests" */;
			buildPhases = (
				641D95232975898500516A7F /* Sources */,
				641D95242975898500516A7F /* Frameworks */,
				641D95252975898500516A7F /* Resources */,
			);
			buildRules = (
			);
			dependencies = (
				641D95292975898500516A7F /* PBXTargetDependency */,
			);
			name = GetNewsUITests;
			productName = GetNewsUITests;
			productReference = 641D95272975898500516A7F /* GetNewsUITests.xctest */;
			productType = "com.apple.product-type.bundle.ui-testing";
		};
/* End PBXNativeTarget section */

/* Begin PBXProject section */
		641D94FF2975898400516A7F /* Project object */ = {
			isa = PBXProject;
			attributes = {
				BuildIndependentTargetsInParallel = 1;
				LastSwiftUpdateCheck = 1420;
				LastUpgradeCheck = 1420;
				TargetAttributes = {
					641D95062975898400516A7F = {
						CreatedOnToolsVersion = 14.2;
					};
					641D951C2975898500516A7F = {
						CreatedOnToolsVersion = 14.2;
						TestTargetID = 641D95062975898400516A7F;
					};
					641D95262975898500516A7F = {
						CreatedOnToolsVersion = 14.2;
						TestTargetID = 641D95062975898400516A7F;
					};
				};
			};
			buildConfigurationList = 641D95022975898400516A7F /* Build configuration list for PBXProject "GetNews" */;
			compatibilityVersion = "Xcode 14.0";
			developmentRegion = en;
			hasScannedForEncodings = 0;
			knownRegions = (
				en,
				Base,
			);
			mainGroup = 641D94FE2975898400516A7F;
			productRefGroup = 641D95082975898400516A7F /* Products */;
			projectDirPath = "";
			projectRoot = "";
			targets = (
				641D95062975898400516A7F /* GetNews */,
				641D951C2975898500516A7F /* GetNewsTests */,
				641D95262975898500516A7F /* GetNewsUITests */,
			);
		};
/* End PBXProject section */

/* Begin PBXResourcesBuildPhase section */
		641D95052975898400516A7F /* Resources */ = {
			isa = PBXResourcesBuildPhase;
			buildActionMask = 2147483647;
			files = (
				641D95172975898500516A7F /* LaunchScreen.storyboard in Resources */,
				641D95142975898500516A7F /* Assets.xcassets in Resources */,
			);
			runOnlyForDeploymentPostprocessing = 0;
		};
		641D951B2975898500516A7F /* Resources */ = {
			isa = PBXResourcesBuildPhase;
			buildActionMask = 2147483647;
			files = (
			);
			runOnlyForDeploymentPostprocessing = 0;
		};
		641D95252975898500516A7F /* Resources */ = {
			isa = PBXResourcesBuildPhase;
			buildActionMask = 2147483647;
			files = (
			);
			runOnlyForDeploymentPostprocessing = 0;
		};
/* End PBXResourcesBuildPhase section */

/* Begin PBXSourcesBuildPhase section */
		641D95032975898400516A7F /* Sources */ = {
			isa = PBXSourcesBuildPhase;
			buildActionMask = 2147483647;
			files = (
				64DDD05B2976ABEA0093DB37 /* NetworkService.swift in Sources */,
				641D950B2975898400516A7F /* AppDelegate.swift in Sources */,
				64DDD0592976A9CB0093DB37 /* DataRequest.swift in Sources */,
				64DDD05D2976AE9E0093DB37 /* ErrorResponse.swift in Sources */,
				6480BAC72975E80200932A19 /* NewsResponse.swift in Sources */,
				64DDD05F2976AF0D0093DB37 /* TopHeadlinesRequest.swift in Sources */,
				641D95462975945D00516A7F /* UIView+Extension.swift in Sources */,
				640DBD1B2975A817008AEABC /* HeadlineTableViewCell.swift in Sources */,
				64DDD0612976B14A0093DB37 /* TopHeadlinesViewModel.swift in Sources */,
				641D953F2975934800516A7F /* HeadlinesViewController.swift in Sources */,
				6496CEAA2975B84100F10051 /* HeadlinesView.swift in Sources */,
			);
			runOnlyForDeploymentPostprocessing = 0;
		};
		641D95192975898500516A7F /* Sources */ = {
			isa = PBXSourcesBuildPhase;
			buildActionMask = 2147483647;
			files = (
				641D95222975898500516A7F /* GetNewsTests.swift in Sources */,
			);
			runOnlyForDeploymentPostprocessing = 0;
		};
		641D95232975898500516A7F /* Sources */ = {
			isa = PBXSourcesBuildPhase;
			buildActionMask = 2147483647;
			files = (
				641D952E2975898500516A7F /* GetNewsUITestsLaunchTests.swift in Sources */,
				641D952C2975898500516A7F /* GetNewsUITests.swift in Sources */,
			);
			runOnlyForDeploymentPostprocessing = 0;
		};
/* End PBXSourcesBuildPhase section */

/* Begin PBXTargetDependency section */
		641D951F2975898500516A7F /* PBXTargetDependency */ = {
			isa = PBXTargetDependency;
			target = 641D95062975898400516A7F /* GetNews */;
			targetProxy = 641D951E2975898500516A7F /* PBXContainerItemProxy */;
		};
		641D95292975898500516A7F /* PBXTargetDependency */ = {
			isa = PBXTargetDependency;
			target = 641D95062975898400516A7F /* GetNews */;
			targetProxy = 641D95282975898500516A7F /* PBXContainerItemProxy */;
		};
/* End PBXTargetDependency section */

/* Begin PBXVariantGroup section */
		641D95152975898500516A7F /* LaunchScreen.storyboard */ = {
			isa = PBXVariantGroup;
			children = (
				641D95162975898500516A7F /* Base */,
			);
			name = LaunchScreen.storyboard;
			sourceTree = "<group>";
		};
/* End PBXVariantGroup section */

/* Begin XCBuildConfiguration section */
		641D952F2975898500516A7F /* Debug */ = {
			isa = XCBuildConfiguration;
			buildSettings = {
				ALWAYS_SEARCH_USER_PATHS = NO;
				CLANG_ANALYZER_NONNULL = YES;
				CLANG_ANALYZER_NUMBER_OBJECT_CONVERSION = YES_AGGRESSIVE;
				CLANG_CXX_LANGUAGE_STANDARD = "gnu++20";
				CLANG_ENABLE_MODULES = YES;
				CLANG_ENABLE_OBJC_ARC = YES;
				CLANG_ENABLE_OBJC_WEAK = YES;
				CLANG_WARN_BLOCK_CAPTURE_AUTORELEASING = YES;
				CLANG_WARN_BOOL_CONVERSION = YES;
				CLANG_WARN_COMMA = YES;
				CLANG_WARN_CONSTANT_CONVERSION = YES;
				CLANG_WARN_DEPRECATED_OBJC_IMPLEMENTATIONS = YES;
				CLANG_WARN_DIRECT_OBJC_ISA_USAGE = YES_ERROR;
				CLANG_WARN_DOCUMENTATION_COMMENTS = YES;
				CLANG_WARN_EMPTY_BODY = YES;
				CLANG_WARN_ENUM_CONVERSION = YES;
				CLANG_WARN_INFINITE_RECURSION = YES;
				CLANG_WARN_INT_CONVERSION = YES;
				CLANG_WARN_NON_LITERAL_NULL_CONVERSION = YES;
				CLANG_WARN_OBJC_IMPLICIT_RETAIN_SELF = YES;
				CLANG_WARN_OBJC_LITERAL_CONVERSION = YES;
				CLANG_WARN_OBJC_ROOT_CLASS = YES_ERROR;
				CLANG_WARN_QUOTED_INCLUDE_IN_FRAMEWORK_HEADER = YES;
				CLANG_WARN_RANGE_LOOP_ANALYSIS = YES;
				CLANG_WARN_STRICT_PROTOTYPES = YES;
				CLANG_WARN_SUSPICIOUS_MOVE = YES;
				CLANG_WARN_UNGUARDED_AVAILABILITY = YES_AGGRESSIVE;
				CLANG_WARN_UNREACHABLE_CODE = YES;
				CLANG_WARN__DUPLICATE_METHOD_MATCH = YES;
				COPY_PHASE_STRIP = NO;
				DEBUG_INFORMATION_FORMAT = dwarf;
				ENABLE_STRICT_OBJC_MSGSEND = YES;
				ENABLE_TESTABILITY = YES;
				GCC_C_LANGUAGE_STANDARD = gnu11;
				GCC_DYNAMIC_NO_PIC = NO;
				GCC_NO_COMMON_BLOCKS = YES;
				GCC_OPTIMIZATION_LEVEL = 0;
				GCC_PREPROCESSOR_DEFINITIONS = (
					"DEBUG=1",
					"$(inherited)",
				);
				GCC_WARN_64_TO_32_BIT_CONVERSION = YES;
				GCC_WARN_ABOUT_RETURN_TYPE = YES_ERROR;
				GCC_WARN_UNDECLARED_SELECTOR = YES;
				GCC_WARN_UNINITIALIZED_AUTOS = YES_AGGRESSIVE;
				GCC_WARN_UNUSED_FUNCTION = YES;
				GCC_WARN_UNUSED_VARIABLE = YES;
				IPHONEOS_DEPLOYMENT_TARGET = 16.2;
				MTL_ENABLE_DEBUG_INFO = INCLUDE_SOURCE;
				MTL_FAST_MATH = YES;
				ONLY_ACTIVE_ARCH = YES;
				SDKROOT = iphoneos;
				SWIFT_ACTIVE_COMPILATION_CONDITIONS = DEBUG;
				SWIFT_OPTIMIZATION_LEVEL = "-Onone";
			};
			name = Debug;
		};
		641D95302975898500516A7F /* Release */ = {
			isa = XCBuildConfiguration;
			buildSettings = {
				ALWAYS_SEARCH_USER_PATHS = NO;
				CLANG_ANALYZER_NONNULL = YES;
				CLANG_ANALYZER_NUMBER_OBJECT_CONVERSION = YES_AGGRESSIVE;
				CLANG_CXX_LANGUAGE_STANDARD = "gnu++20";
				CLANG_ENABLE_MODULES = YES;
				CLANG_ENABLE_OBJC_ARC = YES;
				CLANG_ENABLE_OBJC_WEAK = YES;
				CLANG_WARN_BLOCK_CAPTURE_AUTORELEASING = YES;
				CLANG_WARN_BOOL_CONVERSION = YES;
				CLANG_WARN_COMMA = YES;
				CLANG_WARN_CONSTANT_CONVERSION = YES;
				CLANG_WARN_DEPRECATED_OBJC_IMPLEMENTATIONS = YES;
				CLANG_WARN_DIRECT_OBJC_ISA_USAGE = YES_ERROR;
				CLANG_WARN_DOCUMENTATION_COMMENTS = YES;
				CLANG_WARN_EMPTY_BODY = YES;
				CLANG_WARN_ENUM_CONVERSION = YES;
				CLANG_WARN_INFINITE_RECURSION = YES;
				CLANG_WARN_INT_CONVERSION = YES;
				CLANG_WARN_NON_LITERAL_NULL_CONVERSION = YES;
				CLANG_WARN_OBJC_IMPLICIT_RETAIN_SELF = YES;
				CLANG_WARN_OBJC_LITERAL_CONVERSION = YES;
				CLANG_WARN_OBJC_ROOT_CLASS = YES_ERROR;
				CLANG_WARN_QUOTED_INCLUDE_IN_FRAMEWORK_HEADER = YES;
				CLANG_WARN_RANGE_LOOP_ANALYSIS = YES;
				CLANG_WARN_STRICT_PROTOTYPES = YES;
				CLANG_WARN_SUSPICIOUS_MOVE = YES;
				CLANG_WARN_UNGUARDED_AVAILABILITY = YES_AGGRESSIVE;
				CLANG_WARN_UNREACHABLE_CODE = YES;
				CLANG_WARN__DUPLICATE_METHOD_MATCH = YES;
				COPY_PHASE_STRIP = NO;
				DEBUG_INFORMATION_FORMAT = "dwarf-with-dsym";
				ENABLE_NS_ASSERTIONS = NO;
				ENABLE_STRICT_OBJC_MSGSEND = YES;
				GCC_C_LANGUAGE_STANDARD = gnu11;
				GCC_NO_COMMON_BLOCKS = YES;
				GCC_WARN_64_TO_32_BIT_CONVERSION = YES;
				GCC_WARN_ABOUT_RETURN_TYPE = YES_ERROR;
				GCC_WARN_UNDECLARED_SELECTOR = YES;
				GCC_WARN_UNINITIALIZED_AUTOS = YES_AGGRESSIVE;
				GCC_WARN_UNUSED_FUNCTION = YES;
				GCC_WARN_UNUSED_VARIABLE = YES;
				IPHONEOS_DEPLOYMENT_TARGET = 16.2;
				MTL_ENABLE_DEBUG_INFO = NO;
				MTL_FAST_MATH = YES;
				SDKROOT = iphoneos;
				SWIFT_COMPILATION_MODE = wholemodule;
				SWIFT_OPTIMIZATION_LEVEL = "-O";
				VALIDATE_PRODUCT = YES;
			};
			name = Release;
		};
		641D95322975898500516A7F /* Debug */ = {
			isa = XCBuildConfiguration;
			buildSettings = {
				ASSETCATALOG_COMPILER_APPICON_NAME = AppIcon;
				ASSETCATALOG_COMPILER_GLOBAL_ACCENT_COLOR_NAME = AccentColor;
				CODE_SIGN_STYLE = Automatic;
				CURRENT_PROJECT_VERSION = 1;
				DEVELOPMENT_TEAM = ZUD457WP4X;
				GENERATE_INFOPLIST_FILE = YES;
				INFOPLIST_FILE = GetNews/Info.plist;
				INFOPLIST_KEY_UIApplicationSupportsIndirectInputEvents = YES;
				INFOPLIST_KEY_UILaunchStoryboardName = LaunchScreen;
				INFOPLIST_KEY_UISupportedInterfaceOrientations_iPad = "UIInterfaceOrientationPortrait UIInterfaceOrientationPortraitUpsideDown UIInterfaceOrientationLandscapeLeft UIInterfaceOrientationLandscapeRight";
				INFOPLIST_KEY_UISupportedInterfaceOrientations_iPhone = "UIInterfaceOrientationPortrait UIInterfaceOrientationLandscapeLeft UIInterfaceOrientationLandscapeRight";
				LD_RUNPATH_SEARCH_PATHS = (
					"$(inherited)",
					"@executable_path/Frameworks",
				);
				MARKETING_VERSION = 1.0;
				PRODUCT_BUNDLE_IDENTIFIER = com.emreusul.GetNews;
				PRODUCT_NAME = "$(TARGET_NAME)";
				SWIFT_EMIT_LOC_STRINGS = YES;
				SWIFT_VERSION = 5.0;
				TARGETED_DEVICE_FAMILY = "1,2";
			};
			name = Debug;
		};
		641D95332975898500516A7F /* Release */ = {
			isa = XCBuildConfiguration;
			buildSettings = {
				ASSETCATALOG_COMPILER_APPICON_NAME = AppIcon;
				ASSETCATALOG_COMPILER_GLOBAL_ACCENT_COLOR_NAME = AccentColor;
				CODE_SIGN_STYLE = Automatic;
				CURRENT_PROJECT_VERSION = 1;
				DEVELOPMENT_TEAM = ZUD457WP4X;
				GENERATE_INFOPLIST_FILE = YES;
				INFOPLIST_FILE = GetNews/Info.plist;
				INFOPLIST_KEY_UIApplicationSupportsIndirectInputEvents = YES;
				INFOPLIST_KEY_UILaunchStoryboardName = LaunchScreen;
				INFOPLIST_KEY_UISupportedInterfaceOrientations_iPad = "UIInterfaceOrientationPortrait UIInterfaceOrientationPortraitUpsideDown UIInterfaceOrientationLandscapeLeft UIInterfaceOrientationLandscapeRight";
				INFOPLIST_KEY_UISupportedInterfaceOrientations_iPhone = "UIInterfaceOrientationPortrait UIInterfaceOrientationLandscapeLeft UIInterfaceOrientationLandscapeRight";
				LD_RUNPATH_SEARCH_PATHS = (
					"$(inherited)",
					"@executable_path/Frameworks",
				);
				MARKETING_VERSION = 1.0;
				PRODUCT_BUNDLE_IDENTIFIER = com.emreusul.GetNews;
				PRODUCT_NAME = "$(TARGET_NAME)";
				SWIFT_EMIT_LOC_STRINGS = YES;
				SWIFT_VERSION = 5.0;
				TARGETED_DEVICE_FAMILY = "1,2";
			};
			name = Release;
		};
		641D95352975898500516A7F /* Debug */ = {
			isa = XCBuildConfiguration;
			buildSettings = {
				ALWAYS_EMBED_SWIFT_STANDARD_LIBRARIES = YES;
				BUNDLE_LOADER = "$(TEST_HOST)";
				CODE_SIGN_STYLE = Automatic;
				CURRENT_PROJECT_VERSION = 1;
				DEVELOPMENT_TEAM = ZUD457WP4X;
				GENERATE_INFOPLIST_FILE = YES;
				IPHONEOS_DEPLOYMENT_TARGET = 16.2;
				MARKETING_VERSION = 1.0;
				PRODUCT_BUNDLE_IDENTIFIER = com.emreusul.GetNewsTests;
				PRODUCT_NAME = "$(TARGET_NAME)";
				SWIFT_EMIT_LOC_STRINGS = NO;
				SWIFT_VERSION = 5.0;
				TARGETED_DEVICE_FAMILY = "1,2";
				TEST_HOST = "$(BUILT_PRODUCTS_DIR)/GetNews.app/$(BUNDLE_EXECUTABLE_FOLDER_PATH)/GetNews";
			};
			name = Debug;
		};
		641D95362975898500516A7F /* Release */ = {
			isa = XCBuildConfiguration;
			buildSettings = {
				ALWAYS_EMBED_SWIFT_STANDARD_LIBRARIES = YES;
				BUNDLE_LOADER = "$(TEST_HOST)";
				CODE_SIGN_STYLE = Automatic;
				CURRENT_PROJECT_VERSION = 1;
				DEVELOPMENT_TEAM = ZUD457WP4X;
				GENERATE_INFOPLIST_FILE = YES;
				IPHONEOS_DEPLOYMENT_TARGET = 16.2;
				MARKETING_VERSION = 1.0;
				PRODUCT_BUNDLE_IDENTIFIER = com.emreusul.GetNewsTests;
				PRODUCT_NAME = "$(TARGET_NAME)";
				SWIFT_EMIT_LOC_STRINGS = NO;
				SWIFT_VERSION = 5.0;
				TARGETED_DEVICE_FAMILY = "1,2";
				TEST_HOST = "$(BUILT_PRODUCTS_DIR)/GetNews.app/$(BUNDLE_EXECUTABLE_FOLDER_PATH)/GetNews";
			};
			name = Release;
		};
		641D95382975898500516A7F /* Debug */ = {
			isa = XCBuildConfiguration;
			buildSettings = {
				ALWAYS_EMBED_SWIFT_STANDARD_LIBRARIES = YES;
				CODE_SIGN_STYLE = Automatic;
				CURRENT_PROJECT_VERSION = 1;
				DEVELOPMENT_TEAM = ZUD457WP4X;
				GENERATE_INFOPLIST_FILE = YES;
				MARKETING_VERSION = 1.0;
				PRODUCT_BUNDLE_IDENTIFIER = com.emreusul.GetNewsUITests;
				PRODUCT_NAME = "$(TARGET_NAME)";
				SWIFT_EMIT_LOC_STRINGS = NO;
				SWIFT_VERSION = 5.0;
				TARGETED_DEVICE_FAMILY = "1,2";
				TEST_TARGET_NAME = GetNews;
			};
			name = Debug;
		};
		641D95392975898500516A7F /* Release */ = {
			isa = XCBuildConfiguration;
			buildSettings = {
				ALWAYS_EMBED_SWIFT_STANDARD_LIBRARIES = YES;
				CODE_SIGN_STYLE = Automatic;
				CURRENT_PROJECT_VERSION = 1;
				DEVELOPMENT_TEAM = ZUD457WP4X;
				GENERATE_INFOPLIST_FILE = YES;
				MARKETING_VERSION = 1.0;
				PRODUCT_BUNDLE_IDENTIFIER = com.emreusul.GetNewsUITests;
				PRODUCT_NAME = "$(TARGET_NAME)";
				SWIFT_EMIT_LOC_STRINGS = NO;
				SWIFT_VERSION = 5.0;
				TARGETED_DEVICE_FAMILY = "1,2";
				TEST_TARGET_NAME = GetNews;
			};
			name = Release;
		};
/* End XCBuildConfiguration section */

/* Begin XCConfigurationList section */
		641D95022975898400516A7F /* Build configuration list for PBXProject "GetNews" */ = {
			isa = XCConfigurationList;
			buildConfigurations = (
				641D952F2975898500516A7F /* Debug */,
				641D95302975898500516A7F /* Release */,
			);
			defaultConfigurationIsVisible = 0;
			defaultConfigurationName = Release;
		};
		641D95312975898500516A7F /* Build configuration list for PBXNativeTarget "GetNews" */ = {
			isa = XCConfigurationList;
			buildConfigurations = (
				641D95322975898500516A7F /* Debug */,
				641D95332975898500516A7F /* Release */,
			);
			defaultConfigurationIsVisible = 0;
			defaultConfigurationName = Release;
		};
		641D95342975898500516A7F /* Build configuration list for PBXNativeTarget "GetNewsTests" */ = {
			isa = XCConfigurationList;
			buildConfigurations = (
				641D95352975898500516A7F /* Debug */,
				641D95362975898500516A7F /* Release */,
			);
			defaultConfigurationIsVisible = 0;
			defaultConfigurationName = Release;
		};
		641D95372975898500516A7F /* Build configuration list for PBXNativeTarget "GetNewsUITests" */ = {
			isa = XCConfigurationList;
			buildConfigurations = (
				641D95382975898500516A7F /* Debug */,
				641D95392975898500516A7F /* Release */,
			);
			defaultConfigurationIsVisible = 0;
			defaultConfigurationName = Release;
		};
/* End XCConfigurationList section */
	};
	rootObject = 641D94FF2975898400516A7F /* Project object */;
}
